
Microsoft Visual Studio Solution File, Format Version 12.00
# Visual Studio Version 17
VisualStudioVersion = 17.7.34202.233
MinimumVisualStudioVersion = 10.0.40219.1
Project("{FAE04EC0-301F-11D3-BF4B-00C04F79EFBC}") = "OsobaApp", "OsobaApp\OsobaApp.csproj", "{6E4C7A10-5CF2-4EF5-9D93-26A2BC8386F1}"
EndProject
Global
	GlobalSection(SolutionConfigurationPlatforms) = preSolution
		Debug|Any CPU = Debug|Any CPU
		Release|Any CPU = Release|Any CPU
	EndGlobalSection
	GlobalSection(ProjectConfigurationPlatforms) = postSolution
		{6E4C7A10-5CF2-4EF5-9D93-26A2BC8386F1}.Debug|Any CPU.ActiveCfg = Debug|Any CPU
		{6E4C7A10-5CF2-4EF5-9D93-26A2BC8386F1}.Debug|Any CPU.Build.0 = Debug|Any CPU
		{6E4C7A10-5CF2-4EF5-9D93-26A2BC8386F1}.Debug|Any CPU.Deploy.0 = Debug|Any CPU
		{6E4C7A10-5CF2-4EF5-9D93-26A2BC8386F1}.Release|Any CPU.ActiveCfg = Release|Any CPU
		{6E4C7A10-5CF2-4EF5-9D93-26A2BC8386F1}.Release|Any CPU.Build.0 = Release|Any CPU
		{6E4C7A10-5CF2-4EF5-9D93-26A2BC8386F1}.Release|Any CPU.Deploy.0 = Release|Any CPU
	EndGlobalSection
	GlobalSection(SolutionProperties) = preSolution
		HideSolutionNode = FALSE
	EndGlobalSection
	GlobalSection(ExtensibilityGlobals) = postSolution
		SolutionGuid = {90A2CCE0-CB3E-4D51-AB07-5632461C9207}
	EndGlobalSection
EndGlobal
